
Microsoft Visual Studio Solution File, Format Version 12.00
# Visual Studio Version 16
VisualStudioVersion = 16.0.30503.244
MinimumVisualStudioVersion = 10.0.40219.1
Project("{FAE04EC0-301F-11D3-BF4B-00C04F79EFBC}") = "Console-MongoDB", "Console-MongoDB.csproj", "{0991AD5F-358D-4257-97BC-4948CF2D3CB9}"
EndProject
Global
	GlobalSection(SolutionConfigurationPlatforms) = preSolution
		Debug|Any CPU = Debug|Any CPU
		Release|Any CPU = Release|Any CPU
	EndGlobalSection
	GlobalSection(ProjectConfigurationPlatforms) = postSolution
		{0991AD5F-358D-4257-97BC-4948CF2D3CB9}.Debug|Any CPU.ActiveCfg = Debug|Any CPU
		{0991AD5F-358D-4257-97BC-4948CF2D3CB9}.Debug|Any CPU.Build.0 = Debug|Any CPU
		{0991AD5F-358D-4257-97BC-4948CF2D3CB9}.Release|Any CPU.ActiveCfg = Release|Any CPU
		{0991AD5F-358D-4257-97BC-4948CF2D3CB9}.Release|Any CPU.Build.0 = Release|Any CPU
	EndGlobalSection
	GlobalSection(SolutionProperties) = preSolution
		HideSolutionNode = FALSE
	EndGlobalSection
	GlobalSection(ExtensibilityGlobals) = postSolution
		SolutionGuid = {D75D00E1-09E1-407A-ADAC-9582B95AF71A}
	EndGlobalSection
EndGlobal
